
Microsoft Visual Studio Solution File, Format Version 12.00
# Visual Studio 15
VisualStudioVersion = 15.0.26124.0
MinimumVisualStudioVersion = 15.0.26124.0
Project("{FAE04EC0-301F-11D3-BF4B-00C04F79EFBC}") = "NoFrillSMF", "NoFrillSMF\NoFrillSMF.csproj", "{E3C368C7-D026-4CE9-B05A-448A1E2F6107}"
EndProject
Project("{FAE04EC0-301F-11D3-BF4B-00C04F79EFBC}") = "NoFrillSMF.Tests", "NoFrillSMF.Tests\NoFrillSMF.Tests.csproj", "{750F6B15-59EA-4461-B167-71C2EF6BB6C9}"
EndProject
Project("{FAE04EC0-301F-11D3-BF4B-00C04F79EFBC}") = "NoFrillSMF.Console", "NoFrillSMF.Console\NoFrillSMF.Console.csproj", "{7A0575D4-62B0-4496-8A4E-7AAF2C4A0B4C}"
EndProject
Global
	GlobalSection(SolutionConfigurationPlatforms) = preSolution
		Debug|Any CPU = Debug|Any CPU
		Debug|x64 = Debug|x64
		Debug|x86 = Debug|x86
		Release|Any CPU = Release|Any CPU
		Release|x64 = Release|x64
		Release|x86 = Release|x86
	EndGlobalSection
	GlobalSection(SolutionProperties) = preSolution
		HideSolutionNode = FALSE
	EndGlobalSection
	GlobalSection(ProjectConfigurationPlatforms) = postSolution
		{E3C368C7-D026-4CE9-B05A-448A1E2F6107}.Debug|Any CPU.ActiveCfg = Debug|Any CPU
		{E3C368C7-D026-4CE9-B05A-448A1E2F6107}.Debug|Any CPU.Build.0 = Debug|Any CPU
		{E3C368C7-D026-4CE9-B05A-448A1E2F6107}.Debug|x64.ActiveCfg = Debug|Any CPU
		{E3C368C7-D026-4CE9-B05A-448A1E2F6107}.Debug|x64.Build.0 = Debug|Any CPU
		{E3C368C7-D026-4CE9-B05A-448A1E2F6107}.Debug|x86.ActiveCfg = Debug|Any CPU
		{E3C368C7-D026-4CE9-B05A-448A1E2F6107}.Debug|x86.Build.0 = Debug|Any CPU
		{E3C368C7-D026-4CE9-B05A-448A1E2F6107}.Release|Any CPU.ActiveCfg = Release|Any CPU
		{E3C368C7-D026-4CE9-B05A-448A1E2F6107}.Release|Any CPU.Build.0 = Release|Any CPU
		{E3C368C7-D026-4CE9-B05A-448A1E2F6107}.Release|x64.ActiveCfg = Release|Any CPU
		{E3C368C7-D026-4CE9-B05A-448A1E2F6107}.Release|x64.Build.0 = Release|Any CPU
		{E3C368C7-D026-4CE9-B05A-448A1E2F6107}.Release|x86.ActiveCfg = Release|Any CPU
		{E3C368C7-D026-4CE9-B05A-448A1E2F6107}.Release|x86.Build.0 = Release|Any CPU
		{750F6B15-59EA-4461-B167-71C2EF6BB6C9}.Debug|Any CPU.ActiveCfg = Debug|Any CPU
		{750F6B15-59EA-4461-B167-71C2EF6BB6C9}.Debug|Any CPU.Build.0 = Debug|Any CPU
		{750F6B15-59EA-4461-B167-71C2EF6BB6C9}.Debug|x64.ActiveCfg = Debug|Any CPU
		{750F6B15-59EA-4461-B167-71C2EF6BB6C9}.Debug|x64.Build.0 = Debug|Any CPU
		{750F6B15-59EA-4461-B167-71C2EF6BB6C9}.Debug|x86.ActiveCfg = Debug|Any CPU
		{750F6B15-59EA-4461-B167-71C2EF6BB6C9}.Debug|x86.Build.0 = Debug|Any CPU
		{750F6B15-59EA-4461-B167-71C2EF6BB6C9}.Release|Any CPU.ActiveCfg = Release|Any CPU
		{750F6B15-59EA-4461-B167-71C2EF6BB6C9}.Release|Any CPU.Build.0 = Release|Any CPU
		{750F6B15-59EA-4461-B167-71C2EF6BB6C9}.Release|x64.ActiveCfg = Release|Any CPU
		{750F6B15-59EA-4461-B167-71C2EF6BB6C9}.Release|x64.Build.0 = Release|Any CPU
		{750F6B15-59EA-4461-B167-71C2EF6BB6C9}.Release|x86.ActiveCfg = Release|Any CPU
		{750F6B15-59EA-4461-B167-71C2EF6BB6C9}.Release|x86.Build.0 = Release|Any CPU
		{7A0575D4-62B0-4496-8A4E-7AAF2C4A0B4C}.Debug|Any CPU.ActiveCfg = Debug|Any CPU
		{7A0575D4-62B0-4496-8A4E-7AAF2C4A0B4C}.Debug|Any CPU.Build.0 = Debug|Any CPU
		{7A0575D4-62B0-4496-8A4E-7AAF2C4A0B4C}.Debug|x64.ActiveCfg = Debug|Any CPU
		{7A0575D4-62B0-4496-8A4E-7AAF2C4A0B4C}.Debug|x64.Build.0 = Debug|Any CPU
		{7A0575D4-62B0-4496-8A4E-7AAF2C4A0B4C}.Debug|x86.ActiveCfg = Debug|Any CPU
		{7A0575D4-62B0-4496-8A4E-7AAF2C4A0B4C}.Debug|x86.Build.0 = Debug|Any CPU
		{7A0575D4-62B0-4496-8A4E-7AAF2C4A0B4C}.Release|Any CPU.ActiveCfg = Release|Any CPU
		{7A0575D4-62B0-4496-8A4E-7AAF2C4A0B4C}.Release|Any CPU.Build.0 = Release|Any CPU
		{7A0575D4-62B0-4496-8A4E-7AAF2C4A0B4C}.Release|x64.ActiveCfg = Release|Any CPU
		{7A0575D4-62B0-4496-8A4E-7AAF2C4A0B4C}.Release|x64.Build.0 = Release|Any CPU
		{7A0575D4-62B0-4496-8A4E-7AAF2C4A0B4C}.Release|x86.ActiveCfg = Release|Any CPU
		{7A0575D4-62B0-4496-8A4E-7AAF2C4A0B4C}.Release|x86.Build.0 = Release|Any CPU
	EndGlobalSection
EndGlobal
